dependencies:
  espressif/esp32-camera:
    component_hash: a1933162caca04a3a3bb0dca00bb56fcb3c50cd3779ab2f2b03ad8536e9bd0d0
    dependencies: []
    source:
      registry_url: https://components.espressif.com/
      type: service
    version: 2.0.9
  espressif/mdns:
    component_hash: 7fd79958fd0b9a4917ee4f50141fe29c902c02d1a1feb1d6751276049b186d6b
    dependencies:
    - name: idf
      require: private
      version: '>=5.0'
    source:
      registry_url: https://components.espressif.com/
      type: service
    version: 1.8.0
  idf:
    source:
      type: idf
    version: 5.4.1
direct_dependencies:
- espressif/esp32-camera
- espressif/mdns
manifest_hash: 223b4bd3db3ff0a2814e055397efad955de7528bdaffc0fadf9e09f66f23c894
target: esp32
version: 2.0.0
